
Microsoft Visual Studio Solution File, Format Version 12.00
# Visual Studio 15
VisualStudioVersion = 15.0.28307.1000
MinimumVisualStudioVersion = 10.0.40219.1
Project("{FAE04EC0-301F-11D3-BF4B-00C04F79EFBC}") = "WebApp", "WebApp\WebApp.csproj", "{C233BF76-D460-4345-A711-C40447A1A8F6}"
EndProject
Project("{FAE04EC0-301F-11D3-BF4B-00C04F79EFBC}") = "WebApp.Tests", "WebApp.Tests\WebApp.Tests.csproj", "{71FEC448-AB58-49AF-BF38-8E69F1DAFAAC}"
EndProject
Global
	GlobalSection(SolutionConfigurationPlatforms) = preSolution
		Debug|Any CPU = Debug|Any CPU
		Release|Any CPU = Release|Any CPU
	EndGlobalSection
	GlobalSection(ProjectConfigurationPlatforms) = postSolution
		{C233BF76-D460-4345-A711-C40447A1A8F6}.Debug|Any CPU.ActiveCfg = Debug|Any CPU
		{C233BF76-D460-4345-A711-C40447A1A8F6}.Debug|Any CPU.Build.0 = Debug|Any CPU
		{C233BF76-D460-4345-A711-C40447A1A8F6}.Release|Any CPU.ActiveCfg = Release|Any CPU
		{C233BF76-D460-4345-A711-C40447A1A8F6}.Release|Any CPU.Build.0 = Release|Any CPU
		{71FEC448-AB58-49AF-BF38-8E69F1DAFAAC}.Debug|Any CPU.ActiveCfg = Debug|Any CPU
		{71FEC448-AB58-49AF-BF38-8E69F1DAFAAC}.Debug|Any CPU.Build.0 = Debug|Any CPU
		{71FEC448-AB58-49AF-BF38-8E69F1DAFAAC}.Release|Any CPU.ActiveCfg = Release|Any CPU
		{71FEC448-AB58-49AF-BF38-8E69F1DAFAAC}.Release|Any CPU.Build.0 = Release|Any CPU
	EndGlobalSection
	GlobalSection(SolutionProperties) = preSolution
		HideSolutionNode = FALSE
	EndGlobalSection
	GlobalSection(ExtensibilityGlobals) = postSolution
		SolutionGuid = {80BE269F-9B3A-4F62-AD34-952BBDE5499A}
	EndGlobalSection
EndGlobal
